# This file is automatically @generated by Cargo.
# It is not intended for manual editing.
version = 4

[[package]]
name = "symarc"
version = "0.1.0"

[[package]]
name = "symarc-exp-003-objects"
version = "0.1.0"
dependencies = [
 "symarc",
]

[[package]]
name = "symarc-exp-011-arc2-transfer"
version = "0.1.0"
dependencies = [
 "symarc",
 "symarc-exp-003-objects",
]
